
Microsoft Visual Studio Solution File, Format Version 12.00
# Visual Studio Version 17
VisualStudioVersion = 17.14.36603.0 d17.14
MinimumVisualStudioVersion = 10.0.40219.1
Project("{FAE04EC0-301F-11D3-BF4B-00C04F79EFBC}") = "Backend_CRUD", "Backend_CRUD\Backend_CRUD.csproj", "{23F6387B-6521-4795-869E-73DFAD0DF206}"
EndProject
Global
	GlobalSection(SolutionConfigurationPlatforms) = preSolution
		Debug|Any CPU = Debug|Any CPU
		Release|Any CPU = Release|Any CPU
	EndGlobalSection
	GlobalSection(ProjectConfigurationPlatforms) = postSolution
		{23F6387B-6521-4795-869E-73DFAD0DF206}.Debug|Any CPU.ActiveCfg = Debug|Any CPU
		{23F6387B-6521-4795-869E-73DFAD0DF206}.Debug|Any CPU.Build.0 = Debug|Any CPU
		{23F6387B-6521-4795-869E-73DFAD0DF206}.Release|Any CPU.ActiveCfg = Release|Any CPU
		{23F6387B-6521-4795-869E-73DFAD0DF206}.Release|Any CPU.Build.0 = Release|Any CPU
	EndGlobalSection
	GlobalSection(SolutionProperties) = preSolution
		HideSolutionNode = FALSE
	EndGlobalSection
	GlobalSection(ExtensibilityGlobals) = postSolution
		SolutionGuid = {490ED2D1-5B78-4D0D-A6DA-E87DFAE6C7A1}
	EndGlobalSection
EndGlobal
